// !$*UTF8*$!
{
	archiveVersion = 1;
	classes = {
	};
	objectVersion = 77;
	objects = {

/* Begin PBXBuildFile section */
		6E4BD6622D02947F0051E531 /* SnapKit in Frameworks */ = {isa = PBXBuildFile; productRef = 6E4BD6612D02947F0051E531 /* SnapKit */; };
		6E4BD6A82D0C08E20051E531 /* Alamofire in Frameworks */ = {isa = PBXBuildFile; productRef = 6E4BD6A72D0C08E20051E531 /* Alamofire */; };
		6E4BD6AD2D0C10AB0051E531 /* WebKit.framework in Frameworks */ = {isa = PBXBuildFile; fileRef = 6E4BD6AC2D0C10AB0051E531 /* WebKit.framework */; };
		6E4BD87C2D14099C0051E531 /* iOSDropDown in Frameworks */ = {isa = PBXBuildFile; productRef = 6E4BD87B2D14099C0051E531 /* iOSDropDown */; };
		6E4BD90C2D1A853B0051E531 /* SwiftyToaster in Frameworks */ = {isa = PBXBuildFile; productRef = 6E4BD90B2D1A853B0051E531 /* SwiftyToaster */; };
/* End PBXBuildFile section */

/* Begin PBXFileReference section */
		6E4BD62A2D014A120051E531 /* MovingAI.app */ = {isa = PBXFileReference; explicitFileType = wrapper.application; includeInIndex = 0; path = MovingAI.app; sourceTree = BUILT_PRODUCTS_DIR; };
		6E4BD6AC2D0C10AB0051E531 /* WebKit.framework */ = {isa = PBXFileReference; lastKnownFileType = wrapper.framework; name = WebKit.framework; path = System/Library/Frameworks/WebKit.framework; sourceTree = SDKROOT; };
/* End PBXFileReference section */

/* Begin PBXFileSystemSynchronizedBuildFileExceptionSet section */
		6E4BD63C2D014A120051E531 /* Exceptions for "MovingAI" folder in "MovingAI" target */ = {
			isa = PBXFileSystemSynchronizedBuildFileExceptionSet;
			membershipExceptions = (
				Info.plist,
			);
			target = 6E4BD6292D014A120051E531 /* MovingAI */;
		};
/* End PBXFileSystemSynchronizedBuildFileExceptionSet section */

/* Begin PBXFileSystemSynchronizedRootGroup section */
		6E4BD62C2D014A120051E531 /* MovingAI */ = {
			isa = PBXFileSystemSynchronizedRootGroup;
			exceptions = (
				6E4BD63C2D014A120051E531 /* Exceptions for "MovingAI" folder in "MovingAI" target */,
			);
			path = MovingAI;
			sourceTree = "<group>";
		};
/* End PBXFileSystemSynchronizedRootGroup section */

/* Begin PBXFrameworksBuildPhase section */
		6E4BD6272D014A120051E531 /* Frameworks */ = {
			isa = PBXFrameworksBuildPhase;
			buildActionMask = 2147483647;
			files = (
				6E4BD6AD2D0C10AB0051E531 /* WebKit.framework in Frameworks */,
				6E4BD6622D02947F0051E531 /* SnapKit in Frameworks */,
				6E4BD90C2D1A853B0051E531 /* SwiftyToaster in Frameworks */,
				6E4BD6A82D0C08E20051E531 /* Alamofire in Frameworks */,
				6E4BD87C2D14099C0051E531 /* iOSDropDown in Frameworks */,
			);
			runOnlyForDeploymentPostprocessing = 0;
		};
/* End PBXFrameworksBuildPhase section */

/* Begin PBXGroup section */
		6E4BD6212D014A120051E531 = {
			isa = PBXGroup;
			children = (
				6E4BD62C2D014A120051E531 /* MovingAI */,
				6E4BD6AB2D0C10AB0051E531 /* Frameworks */,
				6E4BD62B2D014A120051E531 /* Products */,
			);
			sourceTree = "<group>";
		};
		6E4BD62B2D014A120051E531 /* Products */ = {
			isa = PBXGroup;
			children = (
				6E4BD62A2D014A120051E531 /* MovingAI.app */,
			);
			name = Products;
			sourceTree = "<group>";
		};
		6E4BD6AB2D0C10AB0051E531 /* Frameworks */ = {
			isa = PBXGroup;
			children = (
				6E4BD6AC2D0C10AB0051E531 /* WebKit.framework */,
			);
			name = Frameworks;
			sourceTree = "<group>";
		};
/* End PBXGroup section */

/* Begin PBXNativeTarget section */
		6E4BD6292D014A120051E531 /* MovingAI */ = {
			isa = PBXNativeTarget;
			buildConfigurationList = 6E4BD63D2D014A120051E531 /* Build configuration list for PBXNativeTarget "MovingAI" */;
			buildPhases = (
				6E4BD6262D014A120051E531 /* Sources */,
				6E4BD6272D014A120051E531 /* Frameworks */,
				6E4BD6282D014A120051E531 /* Resources */,
			);
			buildRules = (
			);
			dependencies = (
			);
			fileSystemSynchronizedGroups = (
				6E4BD62C2D014A120051E531 /* MovingAI */,
			);
			name = MovingAI;
			packageProductDependencies = (
				6E4BD6612D02947F0051E531 /* SnapKit */,
				6E4BD6A72D0C08E20051E531 /* Alamofire */,
				6E4BD87B2D14099C0051E531 /* iOSDropDown */,
				6E4BD90B2D1A853B0051E531 /* SwiftyToaster */,
			);
			productName = MovingAI;
			productReference = 6E4BD62A2D014A120051E531 /* MovingAI.app */;
			productType = "com.apple.product-type.application";
		};
/* End PBXNativeTarget section */

/* Begin PBXProject section */
		6E4BD6222D014A120051E531 /* Project object */ = {
			isa = PBXProject;
			attributes = {
				BuildIndependentTargetsInParallel = 1;
				LastSwiftUpdateCheck = 1610;
				LastUpgradeCheck = 1610;
				TargetAttributes = {
					6E4BD6292D014A120051E531 = {
						CreatedOnToolsVersion = 16.1;
					};
				};
			};
			buildConfigurationList = 6E4BD6252D014A120051E531 /* Build configuration list for PBXProject "MovingAI" */;
			developmentRegion = en;
			hasScannedForEncodings = 0;
			knownRegions = (
				en,
				Base,
			);
			mainGroup = 6E4BD6212D014A120051E531;
			minimizedProjectReferenceProxies = 1;
			packageReferences = (
				6E4BD6602D02947F0051E531 /* XCRemoteSwiftPackageReference "SnapKit" */,
				6E4BD6A62D0C08E20051E531 /* XCRemoteSwiftPackageReference "Alamofire" */,
				6E4BD87A2D14099C0051E531 /* XCRemoteSwiftPackageReference "iOSDropDown" */,
				6E4BD90A2D1A853B0051E531 /* XCRemoteSwiftPackageReference "SwiftyToaster" */,
			);
			preferredProjectObjectVersion = 77;
			productRefGroup = 6E4BD62B2D014A120051E531 /* Products */;
			projectDirPath = "";
			projectRoot = "";
			targets = (
				6E4BD6292D014A120051E531 /* MovingAI */,
			);
		};
/* End PBXProject section */

/* Begin PBXResourcesBuildPhase section */
		6E4BD6282D014A120051E531 /* Resources */ = {
			isa = PBXResourcesBuildPhase;
			buildActionMask = 2147483647;
			files = (
			);
			runOnlyForDeploymentPostprocessing = 0;
		};
/* End PBXResourcesBuildPhase section */

/* Begin PBXSourcesBuildPhase section */
		6E4BD6262D014A120051E531 /* Sources */ = {
			isa = PBXSourcesBuildPhase;
			buildActionMask = 2147483647;
			files = (
			);
			runOnlyForDeploymentPostprocessing = 0;
		};
/* End PBXSourcesBuildPhase section */

/* Begin XCBuildConfiguration section */
		6E4BD63E2D014A120051E531 /* Debug */ = {
			isa = XCBuildConfiguration;
			buildSettings = {
				ASSETCATALOG_COMPILER_APPICON_NAME = AppIcon;
				ASSETCATALOG_COMPILER_GLOBAL_ACCENT_COLOR_NAME = AccentColor;
				CODE_SIGN_IDENTITY = "Apple Development";
				CODE_SIGN_STYLE = Automatic;
				CURRENT_PROJECT_VERSION = 1;
				DEVELOPMENT_TEAM = SX7VVVY48G;
				GENERATE_INFOPLIST_FILE = YES;
				INFOPLIST_FILE = MovingAI/Info.plist;
				INFOPLIST_KEY_NSCameraUsageDescription = "This application requires Camera services to work";
				INFOPLIST_KEY_NSLocationAlwaysAndWhenInUseUsageDescription = "This application requires location services to work";
				INFOPLIST_KEY_NSLocationAlwaysUsageDescription = "Location is required to find out where you are";
				INFOPLIST_KEY_NSLocationWhenInUseUsageDescription = "This application requires location services to work";
				INFOPLIST_KEY_NSMicrophoneUsageDescription = "This application requires Microphone services to work";
				INFOPLIST_KEY_NSPhotoLibraryUsageDescription = "This application requires Photo Library services to work";
				INFOPLIST_KEY_UIApplicationSupportsIndirectInputEvents = YES;
				INFOPLIST_KEY_UILaunchStoryboardName = LaunchScreen;
				INFOPLIST_KEY_UIMainStoryboardFile = Main;
				INFOPLIST_KEY_UISupportedInterfaceOrientations_iPad = "UIInterfaceOrientationPortrait UIInterfaceOrientationPortraitUpsideDown UIInterfaceOrientationLandscapeLeft UIInterfaceOrientationLandscapeRight";
				INFOPLIST_KEY_UISupportedInterfaceOrientations_iPhone = "UIInterfaceOrientationPortrait UIInterfaceOrientationLandscapeLeft UIInterfaceOrientationLandscapeRight";
				IPHONEOS_DEPLOYMENT_TARGET = 15.6;
				LD_RUNPATH_SEARCH_PATHS = (
					"$(inherited)",
					"@executable_path/Frameworks",
				);
				MARKETING_VERSION = 1.0;
				PRODUCT_BUNDLE_IDENTIFIER = com.youngshine.MovingAI;
				PRODUCT_NAME = "$(TARGET_NAME)";
				PROVISIONING_PROFILE_SPECIFIER = "";
				SWIFT_EMIT_LOC_STRINGS = YES;
				SWIFT_VERSION = 5.0;
				TARGETED_DEVICE_FAMILY = "1,2";
			};
			name = Debug;
		};
		6E4BD63F2D014A120051E531 /* Release */ = {
			isa = XCBuildConfiguration;
			buildSettings = {
				ASSETCATALOG_COMPILER_APPICON_NAME = AppIcon;
				ASSETCATALOG_COMPILER_GLOBAL_ACCENT_COLOR_NAME = AccentColor;
				CODE_SIGN_IDENTITY = "Apple Development";
				CODE_SIGN_STYLE = Automatic;
				CURRENT_PROJECT_VERSION = 1;
				DEVELOPMENT_TEAM = SX7VVVY48G;
				GENERATE_INFOPLIST_FILE = YES;
				INFOPLIST_FILE = MovingAI/Info.plist;
				INFOPLIST_KEY_NSCameraUsageDescription = "This application requires Camera services to work";
				INFOPLIST_KEY_NSLocationAlwaysAndWhenInUseUsageDescription = "This application requires location services to work";
				INFOPLIST_KEY_NSLocationAlwaysUsageDescription = "Location is required to find out where you are";
				INFOPLIST_KEY_NSLocationWhenInUseUsageDescription = "This application requires location services to work";
				INFOPLIST_KEY_NSMicrophoneUsageDescription = "This application requires Microphone services to work";
				INFOPLIST_KEY_NSPhotoLibraryUsageDescription = "This application requires Photo Library services to work";
				INFOPLIST_KEY_UIApplicationSupportsIndirectInputEvents = YES;
				INFOPLIST_KEY_UILaunchStoryboardName = LaunchScreen;
				INFOPLIST_KEY_UIMainStoryboardFile = Main;
				INFOPLIST_KEY_UISupportedInterfaceOrientations_iPad = "UIInterfaceOrientationPortrait UIInterfaceOrientationPortraitUpsideDown UIInterfaceOrientationLandscapeLeft UIInterfaceOrientationLandscapeRight";
				INFOPLIST_KEY_UISupportedInterfaceOrientations_iPhone = "UIInterfaceOrientationPortrait UIInterfaceOrientationLandscapeLeft UIInterfaceOrientationLandscapeRight";
				IPHONEOS_DEPLOYMENT_TARGET = 15.6;
				LD_RUNPATH_SEARCH_PATHS = (
					"$(inherited)",
					"@executable_path/Frameworks",
				);
				MARKETING_VERSION = 1.0;
				PRODUCT_BUNDLE_IDENTIFIER = com.youngshine.MovingAI;
				PRODUCT_NAME = "$(TARGET_NAME)";
				PROVISIONING_PROFILE_SPECIFIER = "";
				SWIFT_EMIT_LOC_STRINGS = YES;
				SWIFT_VERSION = 5.0;
				TARGETED_DEVICE_FAMILY = "1,2";
			};
			name = Release;
		};
		6E4BD6402D014A120051E531 /* Debug */ = {
			isa = XCBuildConfiguration;
			buildSettings = {
				ALWAYS_SEARCH_USER_PATHS = NO;
				ASSETCATALOG_COMPILER_GENERATE_SWIFT_ASSET_SYMBOL_EXTENSIONS = YES;
				CLANG_ANALYZER_NONNULL = YES;
				CLANG_ANALYZER_NUMBER_OBJECT_CONVERSION = YES_AGGRESSIVE;
				CLANG_CXX_LANGUAGE_STANDARD = "gnu++20";
				CLANG_ENABLE_MODULES = YES;
				CLANG_ENABLE_OBJC_ARC = YES;
				CLANG_ENABLE_OBJC_WEAK = YES;
				CLANG_WARN_BLOCK_CAPTURE_AUTORELEASING = YES;
				CLANG_WARN_BOOL_CONVERSION = YES;
				CLANG_WARN_COMMA = YES;
				CLANG_WARN_CONSTANT_CONVERSION = YES;
				CLANG_WARN_DEPRECATED_OBJC_IMPLEMENTATIONS = YES;
				CLANG_WARN_DIRECT_OBJC_ISA_USAGE = YES_ERROR;
				CLANG_WARN_DOCUMENTATION_COMMENTS = YES;
				CLANG_WARN_EMPTY_BODY = YES;
				CLANG_WARN_ENUM_CONVERSION = YES;
				CLANG_WARN_INFINITE_RECURSION = YES;
				CLANG_WARN_INT_CONVERSION = YES;
				CLANG_WARN_NON_LITERAL_NULL_CONVERSION = YES;
				CLANG_WARN_OBJC_IMPLICIT_RETAIN_SELF = YES;
				CLANG_WARN_OBJC_LITERAL_CONVERSION = YES;
				CLANG_WARN_OBJC_ROOT_CLASS = YES_ERROR;
				CLANG_WARN_QUOTED_INCLUDE_IN_FRAMEWORK_HEADER = YES;
				CLANG_WARN_RANGE_LOOP_ANALYSIS = YES;
				CLANG_WARN_STRICT_PROTOTYPES = YES;
				CLANG_WARN_SUSPICIOUS_MOVE = YES;
				CLANG_WARN_UNGUARDED_AVAILABILITY = YES_AGGRESSIVE;
				CLANG_WARN_UNREACHABLE_CODE = YES;
				CLANG_WARN__DUPLICATE_METHOD_MATCH = YES;
				COPY_PHASE_STRIP = NO;
				DEBUG_INFORMATION_FORMAT = dwarf;
				ENABLE_STRICT_OBJC_MSGSEND = YES;
				ENABLE_TESTABILITY = YES;
				ENABLE_USER_SCRIPT_SANDBOXING = YES;
				GCC_C_LANGUAGE_STANDARD = gnu17;
				GCC_DYNAMIC_NO_PIC = NO;
				GCC_NO_COMMON_BLOCKS = YES;
				GCC_OPTIMIZATION_LEVEL = 0;
				GCC_PREPROCESSOR_DEFINITIONS = (
					"DEBUG=1",
					"$(inherited)",
				);
				GCC_WARN_64_TO_32_BIT_CONVERSION = YES;
				GCC_WARN_ABOUT_RETURN_TYPE = YES_ERROR;
				GCC_WARN_UNDECLARED_SELECTOR = YES;
				GCC_WARN_UNINITIALIZED_AUTOS = YES_AGGRESSIVE;
				GCC_WARN_UNUSED_FUNCTION = YES;
				GCC_WARN_UNUSED_VARIABLE = YES;
				IPHONEOS_DEPLOYMENT_TARGET = 18.1;
				LOCALIZATION_PREFERS_STRING_CATALOGS = YES;
				MTL_ENABLE_DEBUG_INFO = INCLUDE_SOURCE;
				MTL_FAST_MATH = YES;
				ONLY_ACTIVE_ARCH = YES;
				SDKROOT = iphoneos;
				SWIFT_ACTIVE_COMPILATION_CONDITIONS = "DEBUG $(inherited)";
				SWIFT_OPTIMIZATION_LEVEL = "-Onone";
			};
			name = Debug;
		};
		6E4BD6412D014A120051E531 /* Release */ = {
			isa = XCBuildConfiguration;
			buildSettings = {
				ALWAYS_SEARCH_USER_PATHS = NO;
				ASSETCATALOG_COMPILER_GENERATE_SWIFT_ASSET_SYMBOL_EXTENSIONS = YES;
				CLANG_ANALYZER_NONNULL = YES;
				CLANG_ANALYZER_NUMBER_OBJECT_CONVERSION = YES_AGGRESSIVE;
				CLANG_CXX_LANGUAGE_STANDARD = "gnu++20";
				CLANG_ENABLE_MODULES = YES;
				CLANG_ENABLE_OBJC_ARC = YES;
				CLANG_ENABLE_OBJC_WEAK = YES;
				CLANG_WARN_BLOCK_CAPTURE_AUTORELEASING = YES;
				CLANG_WARN_BOOL_CONVERSION = YES;
				CLANG_WARN_COMMA = YES;
				CLANG_WARN_CONSTANT_CONVERSION = YES;
				CLANG_WARN_DEPRECATED_OBJC_IMPLEMENTATIONS = YES;
				CLANG_WARN_DIRECT_OBJC_ISA_USAGE = YES_ERROR;
				CLANG_WARN_DOCUMENTATION_COMMENTS = YES;
				CLANG_WARN_EMPTY_BODY = YES;
				CLANG_WARN_ENUM_CONVERSION = YES;
				CLANG_WARN_INFINITE_RECURSION = YES;
				CLANG_WARN_INT_CONVERSION = YES;
				CLANG_WARN_NON_LITERAL_NULL_CONVERSION = YES;
				CLANG_WARN_OBJC_IMPLICIT_RETAIN_SELF = YES;
				CLANG_WARN_OBJC_LITERAL_CONVERSION = YES;
				CLANG_WARN_OBJC_ROOT_CLASS = YES_ERROR;
				CLANG_WARN_QUOTED_INCLUDE_IN_FRAMEWORK_HEADER = YES;
				CLANG_WARN_RANGE_LOOP_ANALYSIS = YES;
				CLANG_WARN_STRICT_PROTOTYPES = YES;
				CLANG_WARN_SUSPICIOUS_MOVE = YES;
				CLANG_WARN_UNGUARDED_AVAILABILITY = YES_AGGRESSIVE;
				CLANG_WARN_UNREACHABLE_CODE = YES;
				CLANG_WARN__DUPLICATE_METHOD_MATCH = YES;
				COPY_PHASE_STRIP = NO;
				DEBUG_INFORMATION_FORMAT = "dwarf-with-dsym";
				ENABLE_NS_ASSERTIONS = NO;
				ENABLE_STRICT_OBJC_MSGSEND = YES;
				ENABLE_USER_SCRIPT_SANDBOXING = YES;
				GCC_C_LANGUAGE_STANDARD = gnu17;
				GCC_NO_COMMON_BLOCKS = YES;
				GCC_WARN_64_TO_32_BIT_CONVERSION = YES;
				GCC_WARN_ABOUT_RETURN_TYPE = YES_ERROR;
				GCC_WARN_UNDECLARED_SELECTOR = YES;
				GCC_WARN_UNINITIALIZED_AUTOS = YES_AGGRESSIVE;
				GCC_WARN_UNUSED_FUNCTION = YES;
				GCC_WARN_UNUSED_VARIABLE = YES;
				IPHONEOS_DEPLOYMENT_TARGET = 18.1;
				LOCALIZATION_PREFERS_STRING_CATALOGS = YES;
				MTL_ENABLE_DEBUG_INFO = NO;
				MTL_FAST_MATH = YES;
				SDKROOT = iphoneos;
				SWIFT_COMPILATION_MODE = wholemodule;
				VALIDATE_PRODUCT = YES;
			};
			name = Release;
		};
/* End XCBuildConfiguration section */

/* Begin XCConfigurationList section */
		6E4BD6252D014A120051E531 /* Build configuration list for PBXProject "MovingAI" */ = {
			isa = XCConfigurationList;
			buildConfigurations = (
				6E4BD6402D014A120051E531 /* Debug */,
				6E4BD6412D014A120051E531 /* Release */,
			);
			defaultConfigurationIsVisible = 0;
			defaultConfigurationName = Release;
		};
		6E4BD63D2D014A120051E531 /* Build configuration list for PBXNativeTarget "MovingAI" */ = {
			isa = XCConfigurationList;
			buildConfigurations = (
				6E4BD63E2D014A120051E531 /* Debug */,
				6E4BD63F2D014A120051E531 /* Release */,
			);
			defaultConfigurationIsVisible = 0;
			defaultConfigurationName = Release;
		};
/* End XCConfigurationList section */

/* Begin XCRemoteSwiftPackageReference section */
		6E4BD6602D02947F0051E531 /* XCRemoteSwiftPackageReference "SnapKit" */ = {
			isa = XCRemoteSwiftPackageReference;
			repositoryURL = "https://github.com/SnapKit/SnapKit.git";
			requirement = {
				kind = upToNextMajorVersion;
				minimumVersion = 5.7.1;
			};
		};
		6E4BD6A62D0C08E20051E531 /* XCRemoteSwiftPackageReference "Alamofire" */ = {
			isa = XCRemoteSwiftPackageReference;
			repositoryURL = "https://github.com/Alamofire/Alamofire.git";
			requirement = {
				kind = upToNextMajorVersion;
				minimumVersion = 5.10.2;
			};
		};
		6E4BD87A2D14099C0051E531 /* XCRemoteSwiftPackageReference "iOSDropDown" */ = {
			isa = XCRemoteSwiftPackageReference;
			repositoryURL = "https://github.com/jriosdev/iOSDropDown";
			requirement = {
				kind = upToNextMajorVersion;
				minimumVersion = 0.4.0;
			};
		};
		6E4BD90A2D1A853B0051E531 /* XCRemoteSwiftPackageReference "SwiftyToaster" */ = {
			isa = XCRemoteSwiftPackageReference;
			repositoryURL = "https://github.com/noeyiz/SwiftyToaster";
			requirement = {
				kind = upToNextMajorVersion;
				minimumVersion = 1.0.2;
			};
		};
/* End XCRemoteSwiftPackageReference section */

/* Begin XCSwiftPackageProductDependency section */
		6E4BD6612D02947F0051E531 /* SnapKit */ = {
			isa = XCSwiftPackageProductDependency;
			package = 6E4BD6602D02947F0051E531 /* XCRemoteSwiftPackageReference "SnapKit" */;
			productName = SnapKit;
		};
		6E4BD6A72D0C08E20051E531 /* Alamofire */ = {
			isa = XCSwiftPackageProductDependency;
			package = 6E4BD6A62D0C08E20051E531 /* XCRemoteSwiftPackageReference "Alamofire" */;
			productName = Alamofire;
		};
		6E4BD87B2D14099C0051E531 /* iOSDropDown */ = {
			isa = XCSwiftPackageProductDependency;
			package = 6E4BD87A2D14099C0051E531 /* XCRemoteSwiftPackageReference "iOSDropDown" */;
			productName = iOSDropDown;
		};
		6E4BD90B2D1A853B0051E531 /* SwiftyToaster */ = {
			isa = XCSwiftPackageProductDependency;
			package = 6E4BD90A2D1A853B0051E531 /* XCRemoteSwiftPackageReference "SwiftyToaster" */;
			productName = SwiftyToaster;
		};
/* End XCSwiftPackageProductDependency section */
	};
	rootObject = 6E4BD6222D014A120051E531 /* Project object */;
}
